
Microsoft Visual Studio Solution File, Format Version 12.00
# Visual Studio Version 16
VisualStudioVersion = 16.0.29709.97
MinimumVisualStudioVersion = 10.0.40219.1
Project("{888888A0-9F3D-457C-B088-3A5042F75D52}") = "WebScrappingTest", "WebScrappingTest.pyproj", "{DB76C03B-EF7D-429A-BB35-CD299E5A6102}"
EndProject
Global
	GlobalSection(SolutionConfigurationPlatforms) = preSolution
		Debug|Any CPU = Debug|Any CPU
		Release|Any CPU = Release|Any CPU
	EndGlobalSection
	GlobalSection(ProjectConfigurationPlatforms) = postSolution
		{DB76C03B-EF7D-429A-BB35-CD299E5A6102}.Debug|Any CPU.ActiveCfg = Debug|Any CPU
		{DB76C03B-EF7D-429A-BB35-CD299E5A6102}.Release|Any CPU.ActiveCfg = Release|Any CPU
	EndGlobalSection
	GlobalSection(SolutionProperties) = preSolution
		HideSolutionNode = FALSE
	EndGlobalSection
	GlobalSection(ExtensibilityGlobals) = postSolution
		SolutionGuid = {05DA9F5C-81AB-4BA2-952B-CBE7C298B851}
	EndGlobalSection
EndGlobal
